
Microsoft Visual Studio Solution File, Format Version 12.00
# Visual Studio 15
VisualStudioVersion = 15.0.28010.0
MinimumVisualStudioVersion = 10.0.40219.1
Project("{FAE04EC0-301F-11D3-BF4B-00C04F79EFBC}") = "BankAccount", "BankAccount\BankAccount.csproj", "{2B7BF79F-B1CD-4298-907C-51058150D33B}"
EndProject
Project("{FAE04EC0-301F-11D3-BF4B-00C04F79EFBC}") = "BankAccount.Tests", "BankAccount.Tests\BankAccount.Tests.csproj", "{F3B19D04-6B78-4E39-BFAF-9C299B30FE57}"
EndProject
Global
	GlobalSection(SolutionConfigurationPlatforms) = preSolution
		Debug|Any CPU = Debug|Any CPU
		Release|Any CPU = Release|Any CPU
	EndGlobalSection
	GlobalSection(ProjectConfigurationPlatforms) = postSolution
		{2B7BF79F-B1CD-4298-907C-51058150D33B}.Debug|Any CPU.ActiveCfg = Debug|Any CPU
		{2B7BF79F-B1CD-4298-907C-51058150D33B}.Debug|Any CPU.Build.0 = Debug|Any CPU
		{2B7BF79F-B1CD-4298-907C-51058150D33B}.Release|Any CPU.ActiveCfg = Release|Any CPU
		{2B7BF79F-B1CD-4298-907C-51058150D33B}.Release|Any CPU.Build.0 = Release|Any CPU
		{F3B19D04-6B78-4E39-BFAF-9C299B30FE57}.Debug|Any CPU.ActiveCfg = Debug|Any CPU
		{F3B19D04-6B78-4E39-BFAF-9C299B30FE57}.Debug|Any CPU.Build.0 = Debug|Any CPU
		{F3B19D04-6B78-4E39-BFAF-9C299B30FE57}.Release|Any CPU.ActiveCfg = Release|Any CPU
		{F3B19D04-6B78-4E39-BFAF-9C299B30FE57}.Release|Any CPU.Build.0 = Release|Any CPU
	EndGlobalSection
	GlobalSection(SolutionProperties) = preSolution
		HideSolutionNode = FALSE
	EndGlobalSection
	GlobalSection(ExtensibilityGlobals) = postSolution
		SolutionGuid = {FADC3804-269E-42A8-840D-462166FFCF6C}
	EndGlobalSection
EndGlobal
